Microsoft Visual Studio Solution File, Format Version 9.00
# Visual Studio 2005
Project("{8BC9CEB8-8B4A-11D0-8D11-00A0C91BC942}") = "iter2", "iter2.vcproj", "{BB5D7E33-4417-4D3B-AC7E-816EB655FF0D}"
EndProject
Project("{8BC9CEB8-8B4A-11D0-8D11-00A0C91BC942}") = "iter2c", "iter2c.vcproj", "{2F882308-108F-4D48-9506-85642C85B921}"
EndProject
Global
	GlobalSection(SolutionConfigurationPlatforms) = preSolution
		Debug|Win32 = Debug|Win32
		Release|Win32 = Release|Win32
	EndGlobalSection
	GlobalSection(ProjectConfigurationPlatforms) = postSolution
		{BB5D7E33-4417-4D3B-AC7E-816EB655FF0D}.Debug|Win32.ActiveCfg = Debug|Win32
		{BB5D7E33-4417-4D3B-AC7E-816EB655FF0D}.Debug|Win32.Build.0 = Debug|Win32
		{BB5D7E33-4417-4D3B-AC7E-816EB655FF0D}.Release|Win32.ActiveCfg = Release|Win32
		{BB5D7E33-4417-4D3B-AC7E-816EB655FF0D}.Release|Win32.Build.0 = Release|Win32
		{2F882308-108F-4D48-9506-85642C85B921}.Debug|Win32.ActiveCfg = Debug|Win32
		{2F882308-108F-4D48-9506-85642C85B921}.Debug|Win32.Build.0 = Debug|Win32
		{2F882308-108F-4D48-9506-85642C85B921}.Release|Win32.ActiveCfg = Release|Win32
		{2F882308-108F-4D48-9506-85642C85B921}.Release|Win32.Build.0 = Release|Win32
	EndGlobalSection
	GlobalSection(SolutionProperties) = preSolution
		HideSolutionNode = FALSE
	EndGlobalSection
EndGlobal
